{
  "originHash" : "0266b417bdc7546522ed928093fb3bf9e05b05b6fe115e3babafffba3a8ea1e5",
  "pins" : [
    {
      "identity" : "base32",
      "kind" : "remoteSourceControl",
      "location" : "https://github.com/norio-nomura/Base32.git",
      "state" : {
        "revision" : "c4bc0a49689999ae2c7c778f3830a6a6e694efb8",
        "version" : "0.9.0"
      }
    }
  ],
  "version" : 3
}
