{
  "originHash" : "077d443624e63f160151f09de16162d14b4470f580c1394fb894b432736beba2",
  "pins" : [
    {
      "identity" : "base32",
      "kind" : "remoteSourceControl",
      "location" : "https://github.com/norio-nomura/Base32.git",
      "state" : {
        "revision" : "c4bc0a49689999ae2c7c778f3830a6a6e694efb8",
        "version" : "0.9.0"
      }
    },
    {
      "identity" : "octalswift",
      "kind" : "remoteSourceControl",
      "location" : "https://github.com/MiaKoring/OctalSwift",
      "state" : {
        "revision" : "27f0b052ba8f42bf84ec30a3c8fde5b9cffa9c44",
        "version" : "1.3.0"
      }
    }
  ],
  "version" : 3
}
